
Microsoft Visual Studio Solution File, Format Version 12.00
# Visual Studio 14
VisualStudioVersion = 14.0.25420.1
MinimumVisualStudioVersion = 10.0.40219.1
Project("{2150E333-8FDC-42A3-9474-1A3956D46DE8}") = "src", "src", "{629B7731-FC4A-4458-9F2E-319A8BDA5040}"
EndProject
Project("{2150E333-8FDC-42A3-9474-1A3956D46DE8}") = "Solution Items", "Solution Items", "{4070BE8C-4B88-496B-A48B-E50A28172833}"
	ProjectSection(SolutionItems) = preProject
		global.json = global.json
	EndProjectSection
EndProject
Project("{8BB2217D-0F2D-49D1-97BC-3654ED321F3B}") = "Moviemarathon", "src\Moviemarathon\Moviemarathon.xproj", "{28D204A6-B9ED-4791-955C-F643D2030E44}"
EndProject
Project("{8BB2217D-0F2D-49D1-97BC-3654ED321F3B}") = "MongoDbWrapper", "src\MongoDbWrapper\MongoDbWrapper.xproj", "{5109FFDF-8FDB-413C-88F7-B53DBAC7E033}"
EndProject
Project("{8BB2217D-0F2D-49D1-97BC-3654ED321F3B}") = "ConsoleApp1", "src\ConsoleApp1\ConsoleApp1.xproj", "{14FA0AE3-B8AA-4C9D-A2DE-68E190F9D8BC}"
EndProject
Global
	GlobalSection(SolutionConfigurationPlatforms) = preSolution
		Debug|Any CPU = Debug|Any CPU
		Release|Any CPU = Release|Any CPU
	EndGlobalSection
	GlobalSection(ProjectConfigurationPlatforms) = postSolution
		{28D204A6-B9ED-4791-955C-F643D2030E44}.Debug|Any CPU.ActiveCfg = Debug|Any CPU
		{28D204A6-B9ED-4791-955C-F643D2030E44}.Debug|Any CPU.Build.0 = Debug|Any CPU
		{28D204A6-B9ED-4791-955C-F643D2030E44}.Release|Any CPU.ActiveCfg = Release|Any CPU
		{28D204A6-B9ED-4791-955C-F643D2030E44}.Release|Any CPU.Build.0 = Release|Any CPU
		{5109FFDF-8FDB-413C-88F7-B53DBAC7E033}.Debug|Any CPU.ActiveCfg = Debug|Any CPU
		{5109FFDF-8FDB-413C-88F7-B53DBAC7E033}.Debug|Any CPU.Build.0 = Debug|Any CPU
		{5109FFDF-8FDB-413C-88F7-B53DBAC7E033}.Release|Any CPU.ActiveCfg = Release|Any CPU
		{5109FFDF-8FDB-413C-88F7-B53DBAC7E033}.Release|Any CPU.Build.0 = Release|Any CPU
		{14FA0AE3-B8AA-4C9D-A2DE-68E190F9D8BC}.Debug|Any CPU.ActiveCfg = Debug|Any CPU
		{14FA0AE3-B8AA-4C9D-A2DE-68E190F9D8BC}.Debug|Any CPU.Build.0 = Debug|Any CPU
		{14FA0AE3-B8AA-4C9D-A2DE-68E190F9D8BC}.Release|Any CPU.ActiveCfg = Release|Any CPU
		{14FA0AE3-B8AA-4C9D-A2DE-68E190F9D8BC}.Release|Any CPU.Build.0 = Release|Any CPU
	EndGlobalSection
	GlobalSection(SolutionProperties) = preSolution
		HideSolutionNode = FALSE
	EndGlobalSection
	GlobalSection(NestedProjects) = preSolution
		{28D204A6-B9ED-4791-955C-F643D2030E44} = {629B7731-FC4A-4458-9F2E-319A8BDA5040}
		{5109FFDF-8FDB-413C-88F7-B53DBAC7E033} = {629B7731-FC4A-4458-9F2E-319A8BDA5040}
		{14FA0AE3-B8AA-4C9D-A2DE-68E190F9D8BC} = {629B7731-FC4A-4458-9F2E-319A8BDA5040}
	EndGlobalSection
EndGlobal
