
Microsoft Visual Studio Solution File, Format Version 12.00
# Visual Studio 2013
VisualStudioVersion = 12.0.40629.0
MinimumVisualStudioVersion = 10.0.40219.1
Project("{FAE04EC0-301F-11D3-BF4B-00C04F79EFBC}") = "WebFormsLearning", "WebFormsLearning\WebFormsLearning.csproj", "{DFD8C728-AC7A-418D-BD67-E9027A6066A1}"
EndProject
Project("{FAE04EC0-301F-11D3-BF4B-00C04F79EFBC}") = "EmptyWebForms", "EmptyWebForms\EmptyWebForms.csproj", "{8E415C36-388B-4786-8FB1-0C2F52DC5C0E}"
EndProject
Project("{FAE04EC0-301F-11D3-BF4B-00C04F79EFBC}") = "FireBaseWrapper", "FireBaseWrapper\FireBaseWrapper.csproj", "{49971790-ABD3-444D-A45E-2BE84969DAD9}"
EndProject
Global
	GlobalSection(SolutionConfigurationPlatforms) = preSolution
		Debug|Any CPU = Debug|Any CPU
		Release|Any CPU = Release|Any CPU
	EndGlobalSection
	GlobalSection(ProjectConfigurationPlatforms) = postSolution
		{DFD8C728-AC7A-418D-BD67-E9027A6066A1}.Debug|Any CPU.ActiveCfg = Debug|Any CPU
		{DFD8C728-AC7A-418D-BD67-E9027A6066A1}.Debug|Any CPU.Build.0 = Debug|Any CPU
		{DFD8C728-AC7A-418D-BD67-E9027A6066A1}.Release|Any CPU.ActiveCfg = Release|Any CPU
		{DFD8C728-AC7A-418D-BD67-E9027A6066A1}.Release|Any CPU.Build.0 = Release|Any CPU
		{8E415C36-388B-4786-8FB1-0C2F52DC5C0E}.Debug|Any CPU.ActiveCfg = Debug|Any CPU
		{8E415C36-388B-4786-8FB1-0C2F52DC5C0E}.Debug|Any CPU.Build.0 = Debug|Any CPU
		{8E415C36-388B-4786-8FB1-0C2F52DC5C0E}.Release|Any CPU.ActiveCfg = Release|Any CPU
		{8E415C36-388B-4786-8FB1-0C2F52DC5C0E}.Release|Any CPU.Build.0 = Release|Any CPU
		{49971790-ABD3-444D-A45E-2BE84969DAD9}.Debug|Any CPU.ActiveCfg = Debug|Any CPU
		{49971790-ABD3-444D-A45E-2BE84969DAD9}.Debug|Any CPU.Build.0 = Debug|Any CPU
		{49971790-ABD3-444D-A45E-2BE84969DAD9}.Release|Any CPU.ActiveCfg = Release|Any CPU
		{49971790-ABD3-444D-A45E-2BE84969DAD9}.Release|Any CPU.Build.0 = Release|Any CPU
	EndGlobalSection
	GlobalSection(SolutionProperties) = preSolution
		HideSolutionNode = FALSE
	EndGlobalSection
EndGlobal
